
Microsoft Visual Studio Solution File, Format Version 12.00
# Visual Studio 15
VisualStudioVersion = 15.0.28307.421
MinimumVisualStudioVersion = 10.0.40219.1
Project("{FAE04EC0-301F-11D3-BF4B-00C04F79EFBC}") = "PrototypeRealWorld", "PrototypeRealWorld\PrototypeRealWorld.csproj", "{A9E6A252-934A-48CE-AD49-9B705D4954F0}"
EndProject
Global
	GlobalSection(SolutionConfigurationPlatforms) = preSolution
		Debug|Any CPU = Debug|Any CPU
		Release|Any CPU = Release|Any CPU
	EndGlobalSection
	GlobalSection(ProjectConfigurationPlatforms) = postSolution
		{A9E6A252-934A-48CE-AD49-9B705D4954F0}.Debug|Any CPU.ActiveCfg = Debug|Any CPU
		{A9E6A252-934A-48CE-AD49-9B705D4954F0}.Debug|Any CPU.Build.0 = Debug|Any CPU
		{A9E6A252-934A-48CE-AD49-9B705D4954F0}.Release|Any CPU.ActiveCfg = Release|Any CPU
		{A9E6A252-934A-48CE-AD49-9B705D4954F0}.Release|Any CPU.Build.0 = Release|Any CPU
	EndGlobalSection
	GlobalSection(SolutionProperties) = preSolution
		HideSolutionNode = FALSE
	EndGlobalSection
	GlobalSection(ExtensibilityGlobals) = postSolution
		SolutionGuid = {193D1B9B-F3DF-4EB6-8610-A8299EB2A10D}
	EndGlobalSection
EndGlobal
